
Microsoft Visual Studio Solution File, Format Version 12.00
# Visual Studio 14
VisualStudioVersion = 14.0.23107.0
MinimumVisualStudioVersion = 10.0.40219.1
Project("{8BC9CEB8-8B4A-11D0-8D11-00A0C91BC942}") = "543_二叉树的直径", "543_二叉树的直径\543_二叉树的直径.vcxproj", "{C07289E4-2F05-41E0-B81C-54E48B694B7F}"
EndProject
Global
	GlobalSection(SolutionConfigurationPlatforms) = preSolution
		Debug|x64 = Debug|x64
		Debug|x86 = Debug|x86
		Release|x64 = Release|x64
		Release|x86 = Release|x86
	EndGlobalSection
	GlobalSection(ProjectConfigurationPlatforms) = postSolution
		{C07289E4-2F05-41E0-B81C-54E48B694B7F}.Debug|x64.ActiveCfg = Debug|x64
		{C07289E4-2F05-41E0-B81C-54E48B694B7F}.Debug|x64.Build.0 = Debug|x64
		{C07289E4-2F05-41E0-B81C-54E48B694B7F}.Debug|x86.ActiveCfg = Debug|Win32
		{C07289E4-2F05-41E0-B81C-54E48B694B7F}.Debug|x86.Build.0 = Debug|Win32
		{C07289E4-2F05-41E0-B81C-54E48B694B7F}.Release|x64.ActiveCfg = Release|x64
		{C07289E4-2F05-41E0-B81C-54E48B694B7F}.Release|x64.Build.0 = Release|x64
		{C07289E4-2F05-41E0-B81C-54E48B694B7F}.Release|x86.ActiveCfg = Release|Win32
		{C07289E4-2F05-41E0-B81C-54E48B694B7F}.Release|x86.Build.0 = Release|Win32
	EndGlobalSection
	GlobalSection(SolutionProperties) = preSolution
		HideSolutionNode = FALSE
	EndGlobalSection
EndGlobal
